
Microsoft Visual Studio Solution File, Format Version 12.00
# Visual Studio 14
VisualStudioVersion = 14.0.23107.0
MinimumVisualStudioVersion = 10.0.40219.1
Project("{9092AA53-FB77-4645-B42D-1CCCA6BD08BD}") = "sjc-cli", "sjc-cli.njsproj", "{BA244419-6EF4-43E3-BD11-817E0C80F21E}"
EndProject
Global
	GlobalSection(SolutionConfigurationPlatforms) = preSolution
		Debug|Any CPU = Debug|Any CPU
		Release|Any CPU = Release|Any CPU
	EndGlobalSection
	GlobalSection(ProjectConfigurationPlatforms) = postSolution
		{BA244419-6EF4-43E3-BD11-817E0C80F21E}.Debug|Any CPU.ActiveCfg = Debug|Any CPU
		{BA244419-6EF4-43E3-BD11-817E0C80F21E}.Debug|Any CPU.Build.0 = Debug|Any CPU
		{BA244419-6EF4-43E3-BD11-817E0C80F21E}.Release|Any CPU.ActiveCfg = Release|Any CPU
		{BA244419-6EF4-43E3-BD11-817E0C80F21E}.Release|Any CPU.Build.0 = Release|Any CPU
	EndGlobalSection
	GlobalSection(SolutionProperties) = preSolution
		HideSolutionNode = FALSE
	EndGlobalSection
EndGlobal
